
Microsoft Visual Studio Solution File, Format Version 12.00
# Visual Studio Version 17
VisualStudioVersion = 17.8.34525.116
MinimumVisualStudioVersion = 10.0.40219.1
Project("{9A19103F-16F7-4668-BE54-9A1E7A4F7556}") = "Capadatos", "Capadatos\Capadatos.csproj", "{FDC9890C-AFFB-439D-ACA2-3B40F1650F85}"
EndProject
Project("{9A19103F-16F7-4668-BE54-9A1E7A4F7556}") = "Capanegocio", "Capanegocio\Capanegocio.csproj", "{8D0FE299-721D-4AD2-A792-374302438E65}"
EndProject
Project("{FAE04EC0-301F-11D3-BF4B-00C04F79EFBC}") = "CAPAPRESENTACIONN", "CAPAPRESENTACIONN\CAPAPRESENTACIONN.csproj", "{04F2212C-B8C1-4663-9530-F87F0D54870D}"
EndProject
Global
	GlobalSection(SolutionConfigurationPlatforms) = preSolution
		Debug|Any CPU = Debug|Any CPU
		Release|Any CPU = Release|Any CPU
	EndGlobalSection
	GlobalSection(ProjectConfigurationPlatforms) = postSolution
		{FDC9890C-AFFB-439D-ACA2-3B40F1650F85}.Debug|Any CPU.ActiveCfg = Debug|Any CPU
		{FDC9890C-AFFB-439D-ACA2-3B40F1650F85}.Debug|Any CPU.Build.0 = Debug|Any CPU
		{FDC9890C-AFFB-439D-ACA2-3B40F1650F85}.Release|Any CPU.ActiveCfg = Release|Any CPU
		{FDC9890C-AFFB-439D-ACA2-3B40F1650F85}.Release|Any CPU.Build.0 = Release|Any CPU
		{8D0FE299-721D-4AD2-A792-374302438E65}.Debug|Any CPU.ActiveCfg = Debug|Any CPU
		{8D0FE299-721D-4AD2-A792-374302438E65}.Debug|Any CPU.Build.0 = Debug|Any CPU
		{8D0FE299-721D-4AD2-A792-374302438E65}.Release|Any CPU.ActiveCfg = Release|Any CPU
		{8D0FE299-721D-4AD2-A792-374302438E65}.Release|Any CPU.Build.0 = Release|Any CPU
		{04F2212C-B8C1-4663-9530-F87F0D54870D}.Debug|Any CPU.ActiveCfg = Debug|Any CPU
		{04F2212C-B8C1-4663-9530-F87F0D54870D}.Debug|Any CPU.Build.0 = Debug|Any CPU
		{04F2212C-B8C1-4663-9530-F87F0D54870D}.Release|Any CPU.ActiveCfg = Release|Any CPU
		{04F2212C-B8C1-4663-9530-F87F0D54870D}.Release|Any CPU.Build.0 = Release|Any CPU
	EndGlobalSection
	GlobalSection(SolutionProperties) = preSolution
		HideSolutionNode = FALSE
	EndGlobalSection
	GlobalSection(ExtensibilityGlobals) = postSolution
		SolutionGuid = {B5DB2EC6-B48E-49D1-98B4-BE43AE657E65}
	EndGlobalSection
EndGlobal
